
Microsoft Visual Studio Solution File, Format Version 12.00
# Visual Studio 15
VisualStudioVersion = 15.0.28307.852
MinimumVisualStudioVersion = 10.0.40219.1
Project("{9A19103F-16F7-4668-BE54-9A1E7A4F7556}") = "circllhist", "circllhist\circllhist.csproj", "{E39141ED-753E-4AC7-94AD-FE943E0C8E99}"
EndProject
Project("{FAE04EC0-301F-11D3-BF4B-00C04F79EFBC}") = "circllhistTest", "circllhistTest\circllhistTest.csproj", "{7E459CC5-322C-4582-88EB-2BA10FE8AF8C}"
EndProject
Global
	GlobalSection(SolutionConfigurationPlatforms) = preSolution
		Debug|Any CPU = Debug|Any CPU
		Release|Any CPU = Release|Any CPU
	EndGlobalSection
	GlobalSection(ProjectConfigurationPlatforms) = postSolution
		{E39141ED-753E-4AC7-94AD-FE943E0C8E99}.Debug|Any CPU.ActiveCfg = Debug|Any CPU
		{E39141ED-753E-4AC7-94AD-FE943E0C8E99}.Debug|Any CPU.Build.0 = Debug|Any CPU
		{E39141ED-753E-4AC7-94AD-FE943E0C8E99}.Release|Any CPU.ActiveCfg = Release|Any CPU
		{E39141ED-753E-4AC7-94AD-FE943E0C8E99}.Release|Any CPU.Build.0 = Release|Any CPU
		{7E459CC5-322C-4582-88EB-2BA10FE8AF8C}.Debug|Any CPU.ActiveCfg = Debug|Any CPU
		{7E459CC5-322C-4582-88EB-2BA10FE8AF8C}.Debug|Any CPU.Build.0 = Debug|Any CPU
		{7E459CC5-322C-4582-88EB-2BA10FE8AF8C}.Release|Any CPU.ActiveCfg = Release|Any CPU
		{7E459CC5-322C-4582-88EB-2BA10FE8AF8C}.Release|Any CPU.Build.0 = Release|Any CPU
	EndGlobalSection
	GlobalSection(SolutionProperties) = preSolution
		HideSolutionNode = FALSE
	EndGlobalSection
	GlobalSection(ExtensibilityGlobals) = postSolution
		SolutionGuid = {E39EB8D8-862D-4A9F-B29E-D5A15CE5C6D5}
	EndGlobalSection
EndGlobal
